
Microsoft Visual Studio Solution File, Format Version 12.00
# Visual Studio 2013
VisualStudioVersion = 12.0.30501.0
MinimumVisualStudioVersion = 10.0.40219.1
Project("{FAE04EC0-301F-11D3-BF4B-00C04F79EFBC}") = "MVC My_Gmail_Contacts", "MVC My_Gmail_Contacts\MVC My_Gmail_Contacts.csproj", "{27BA6D02-D389-4CF5-931E-CBE19E8F8312}"
EndProject
Project("{FAE04EC0-301F-11D3-BF4B-00C04F79EFBC}") = "MVC My_Gmail_Contacts.Tests", "MVC My_Gmail_Contacts.Tests\MVC My_Gmail_Contacts.Tests.csproj", "{EBDA14B1-7EFC-4BBB-84CF-581D589B59BF}"
EndProject
Global
	GlobalSection(SolutionConfigurationPlatforms) = preSolution
		Debug|Any CPU = Debug|Any CPU
		Release|Any CPU = Release|Any CPU
	EndGlobalSection
	GlobalSection(ProjectConfigurationPlatforms) = postSolution
		{27BA6D02-D389-4CF5-931E-CBE19E8F8312}.Debug|Any CPU.ActiveCfg = Debug|Any CPU
		{27BA6D02-D389-4CF5-931E-CBE19E8F8312}.Debug|Any CPU.Build.0 = Debug|Any CPU
		{27BA6D02-D389-4CF5-931E-CBE19E8F8312}.Release|Any CPU.ActiveCfg = Release|Any CPU
		{27BA6D02-D389-4CF5-931E-CBE19E8F8312}.Release|Any CPU.Build.0 = Release|Any CPU
		{EBDA14B1-7EFC-4BBB-84CF-581D589B59BF}.Debug|Any CPU.ActiveCfg = Debug|Any CPU
		{EBDA14B1-7EFC-4BBB-84CF-581D589B59BF}.Debug|Any CPU.Build.0 = Debug|Any CPU
		{EBDA14B1-7EFC-4BBB-84CF-581D589B59BF}.Release|Any CPU.ActiveCfg = Release|Any CPU
		{EBDA14B1-7EFC-4BBB-84CF-581D589B59BF}.Release|Any CPU.Build.0 = Release|Any CPU
	EndGlobalSection
	GlobalSection(SolutionProperties) = preSolution
		HideSolutionNode = FALSE
	EndGlobalSection
EndGlobal
